{
  "originHash" : "2557e1e6a7986ef3c343e5bbee43344bae9b7ecf5c9a2865d109b39d0eab2a71",
  "pins" : [
    {
      "identity" : "swift-corelibs-xctest",
      "kind" : "remoteSourceControl",
      "location" : "https://github.com/jerryjrchen/swift-corelibs-xctest.git",
      "state" : {
        "branch" : "try-out-interop",
        "revision" : "c9ca20399387d61ff02554170b67865d1f204b68"
      }
    },
    {
      "identity" : "swift-syntax",
      "kind" : "remoteSourceControl",
      "location" : "https://github.com/swiftlang/swift-syntax.git",
      "state" : {
        "revision" : "65b02a90ad2cc213e09309faeb7f6909e0a8577a",
        "version" : "604.0.0-prerelease-2026-01-20"
      }
    },
    {
      "identity" : "swift-testing",
      "kind" : "remoteSourceControl",
      "location" : "https://github.com/jerryjrchen/swift-testing.git",
      "state" : {
        "branch" : "try-out-interop",
        "revision" : "7712a97932dab6c646a57fbe00225960f4d59ba4"
      }
    }
  ],
  "version" : 3
}
